
Microsoft Visual Studio Solution File, Format Version 12.00
# Visual Studio Version 17
VisualStudioVersion = 17.1.32414.318
MinimumVisualStudioVersion = 10.0.40219.1
Project("{FAE04EC0-301F-11D3-BF4B-00C04F79EFBC}") = "DOAN.WEB", "DOAN.WEB\DOAN.WEB.csproj", "{E1AE57E0-86C8-497F-98E0-946F9B16D811}"
EndProject
Project("{FAE04EC0-301F-11D3-BF4B-00C04F79EFBC}") = "DOAN.API", "DOAN.API\DOAN.API.csproj", "{04B966A2-385D-40E8-A269-EED3F07E28EF}"
EndProject
Global
	GlobalSection(SolutionConfigurationPlatforms) = preSolution
		Debug|Any CPU = Debug|Any CPU
		Release|Any CPU = Release|Any CPU
	EndGlobalSection
	GlobalSection(ProjectConfigurationPlatforms) = postSolution
		{E1AE57E0-86C8-497F-98E0-946F9B16D811}.Debug|Any CPU.ActiveCfg = Debug|Any CPU
		{E1AE57E0-86C8-497F-98E0-946F9B16D811}.Debug|Any CPU.Build.0 = Debug|Any CPU
		{E1AE57E0-86C8-497F-98E0-946F9B16D811}.Release|Any CPU.ActiveCfg = Release|Any CPU
		{E1AE57E0-86C8-497F-98E0-946F9B16D811}.Release|Any CPU.Build.0 = Release|Any CPU
		{04B966A2-385D-40E8-A269-EED3F07E28EF}.Debug|Any CPU.ActiveCfg = Debug|Any CPU
		{04B966A2-385D-40E8-A269-EED3F07E28EF}.Debug|Any CPU.Build.0 = Debug|Any CPU
		{04B966A2-385D-40E8-A269-EED3F07E28EF}.Release|Any CPU.ActiveCfg = Release|Any CPU
		{04B966A2-385D-40E8-A269-EED3F07E28EF}.Release|Any CPU.Build.0 = Release|Any CPU
	EndGlobalSection
	GlobalSection(SolutionProperties) = preSolution
		HideSolutionNode = FALSE
	EndGlobalSection
	GlobalSection(ExtensibilityGlobals) = postSolution
		SolutionGuid = {8F3D199C-E454-41D1-889F-51493D120172}
	EndGlobalSection
EndGlobal
